
Microsoft Visual Studio Solution File, Format Version 12.00
# Visual Studio 15
VisualStudioVersion = 15.0.27703.2035
MinimumVisualStudioVersion = 10.0.40219.1
Project("{F184B08F-C81C-45F6-A57F-5ABD9991F28F}") = "BackOffice_Melair", "BackOffice_Melair\BackOffice_Melair.vbproj", "{AF5D749D-DBF4-4067-BAAF-8DF1D646AA90}"
EndProject
Global
	GlobalSection(SolutionConfigurationPlatforms) = preSolution
		Debug|Any CPU = Debug|Any CPU
		Release|Any CPU = Release|Any CPU
		Test|Any CPU = Test|Any CPU
	EndGlobalSection
	GlobalSection(ProjectConfigurationPlatforms) = postSolution
		{AF5D749D-DBF4-4067-BAAF-8DF1D646AA90}.Debug|Any CPU.ActiveCfg = Debug|Any CPU
		{AF5D749D-DBF4-4067-BAAF-8DF1D646AA90}.Debug|Any CPU.Build.0 = Debug|Any CPU
		{AF5D749D-DBF4-4067-BAAF-8DF1D646AA90}.Release|Any CPU.ActiveCfg = Release|Any CPU
		{AF5D749D-DBF4-4067-BAAF-8DF1D646AA90}.Release|Any CPU.Build.0 = Release|Any CPU
		{AF5D749D-DBF4-4067-BAAF-8DF1D646AA90}.Test|Any CPU.ActiveCfg = Test|Any CPU
		{AF5D749D-DBF4-4067-BAAF-8DF1D646AA90}.Test|Any CPU.Build.0 = Test|Any CPU
	EndGlobalSection
	GlobalSection(SolutionProperties) = preSolution
		HideSolutionNode = FALSE
	EndGlobalSection
	GlobalSection(ExtensibilityGlobals) = postSolution
		SolutionGuid = {37F02E34-2F3A-4984-94A8-4C3029180712}
	EndGlobalSection
EndGlobal
